
Microsoft Visual Studio Solution File, Format Version 12.00
# Visual Studio 2012
Project("{FAE04EC0-301F-11D3-BF4B-00C04F79EFBC}") = "CodingTest5", "CodingTest5\CodingTest5.csproj", "{754847F9-637D-4C95-B4B3-02C72BAE112E}"
EndProject
Global
	GlobalSection(SolutionConfigurationPlatforms) = preSolution
		Debug|Any CPU = Debug|Any CPU
		Release|Any CPU = Release|Any CPU
	EndGlobalSection
	GlobalSection(ProjectConfigurationPlatforms) = postSolution
		{754847F9-637D-4C95-B4B3-02C72BAE112E}.Debug|Any CPU.ActiveCfg = Debug|Any CPU
		{754847F9-637D-4C95-B4B3-02C72BAE112E}.Debug|Any CPU.Build.0 = Debug|Any CPU
		{754847F9-637D-4C95-B4B3-02C72BAE112E}.Release|Any CPU.ActiveCfg = Release|Any CPU
		{754847F9-637D-4C95-B4B3-02C72BAE112E}.Release|Any CPU.Build.0 = Release|Any CPU
	EndGlobalSection
	GlobalSection(SolutionProperties) = preSolution
		HideSolutionNode = FALSE
	EndGlobalSection
EndGlobal
